// !$*UTF8*$!
{
	archiveVersion = 1;
	classes = {
	};
	objectVersion = 55;
	objects = {

/* Begin PBXBuildFile section */
		AEBEE5F628910E470006742C /* SPM_build_configurationsApp.swift in Sources */ = {isa = PBXBuildFile; fileRef = AEBEE5F528910E470006742C /* SPM_build_configurationsApp.swift */; };
		AEBEE5F828910E470006742C /* ContentView.swift in Sources */ = {isa = PBXBuildFile; fileRef = AEBEE5F728910E470006742C /* ContentView.swift */; };
		AEBEE5FA28910E470006742C /* Assets.xcassets in Resources */ = {isa = PBXBuildFile; fileRef = AEBEE5F928910E470006742C /* Assets.xcassets */; };
		AEBEE5FD28910E470006742C /* Preview Assets.xcassets in Resources */ = {isa = PBXBuildFile; fileRef = AEBEE5FC28910E470006742C /* Preview Assets.xcassets */; };
		AEBEE60728910E480006742C /* SPM_build_configurationsTests.swift in Sources */ = {isa = PBXBuildFile; fileRef = AEBEE60628910E480006742C /* SPM_build_configurationsTests.swift */; };
		AEBEE61128910E480006742C /* SPM_build_configurationsUITests.swift in Sources */ = {isa = PBXBuildFile; fileRef = AEBEE61028910E480006742C /* SPM_build_configurationsUITests.swift */; };
		AEBEE61328910E480006742C /* SPM_build_configurationsUITestsLaunchTests.swift in Sources */ = {isa = PBXBuildFile; fileRef = AEBEE61228910E480006742C /* SPM_build_configurationsUITestsLaunchTests.swift */; };
		AEBEE624289112160006742C /* Algorithms in Frameworks */ = {isa = PBXBuildFile; productRef = AEBEE623289112160006742C /* Algorithms */; };
/* End PBXBuildFile section */

/* Begin PBXContainerItemProxy section */
		AEBEE60328910E480006742C /* PBXContainerItemProxy */ = {
			isa = PBXContainerItemProxy;
			containerPortal = AEBEE5EA28910E470006742C /* Project object */;
			proxyType = 1;
			remoteGlobalIDString = AEBEE5F128910E470006742C;
			remoteInfo = "SPM build configurations";
		};
		AEBEE60D28910E480006742C /* PBXContainerItemProxy */ = {
			isa = PBXContainerItemProxy;
			containerPortal = AEBEE5EA28910E470006742C /* Project object */;
			proxyType = 1;
			remoteGlobalIDString = AEBEE5F128910E470006742C;
			remoteInfo = "SPM build configurations";
		};
/* End PBXContainerItemProxy section */

/* Begin PBXFileReference section */
		AEBEE5F228910E470006742C /* SPM build configurations.app */ = {isa = PBXFileReference; explicitFileType = wrapper.application; includeInIndex = 0; path = "SPM build configurations.app"; sourceTree = BUILT_PRODUCTS_DIR; };
		AEBEE5F528910E470006742C /* SPM_build_configurationsApp.swift */ = {isa = PBXFileReference; lastKnownFileType = sourcecode.swift; path = SPM_build_configurationsApp.swift; sourceTree = "<group>"; };
		AEBEE5F728910E470006742C /* ContentView.swift */ = {isa = PBXFileReference; lastKnownFileType = sourcecode.swift; path = ContentView.swift; sourceTree = "<group>"; };
		AEBEE5F928910E470006742C /* Assets.xcassets */ = {isa = PBXFileReference; lastKnownFileType = folder.assetcatalog; path = Assets.xcassets; sourceTree = "<group>"; };
		AEBEE5FC28910E470006742C /* Preview Assets.xcassets */ = {isa = PBXFileReference; lastKnownFileType = folder.assetcatalog; path = "Preview Assets.xcassets"; sourceTree = "<group>"; };
		AEBEE60228910E480006742C /* SPM build configurationsTests.xctest */ = {isa = PBXFileReference; explicitFileType = wrapper.cfbundle; includeInIndex = 0; path = "SPM build configurationsTests.xctest"; sourceTree = BUILT_PRODUCTS_DIR; };
		AEBEE60628910E480006742C /* SPM_build_configurationsTests.swift */ = {isa = PBXFileReference; lastKnownFileType = sourcecode.swift; path = SPM_build_configurationsTests.swift; sourceTree = "<group>"; };
		AEBEE60C28910E480006742C /* SPM build configurationsUITests.xctest */ = {isa = PBXFileReference; explicitFileType = wrapper.cfbundle; includeInIndex = 0; path = "SPM build configurationsUITests.xctest"; sourceTree = BUILT_PRODUCTS_DIR; };
		AEBEE61028910E480006742C /* SPM_build_configurationsUITests.swift */ = {isa = PBXFileReference; lastKnownFileType = sourcecode.swift; path = SPM_build_configurationsUITests.swift; sourceTree = "<group>"; };
		AEBEE61228910E480006742C /* SPM_build_configurationsUITestsLaunchTests.swift */ = {isa = PBXFileReference; lastKnownFileType = sourcecode.swift; path = SPM_build_configurationsUITestsLaunchTests.swift; sourceTree = "<group>"; };
/* End PBXFileReference section */

/* Begin PBXFrameworksBuildPhase section */
		AEBEE5EF28910E470006742C /* Frameworks */ = {
			isa = PBXFrameworksBuildPhase;
			buildActionMask = 2147483647;
			files = (
				AEBEE624289112160006742C /* Algorithms in Frameworks */,
			);
			runOnlyForDeploymentPostprocessing = 0;
		};
		AEBEE5FF28910E480006742C /* Frameworks */ = {
			isa = PBXFrameworksBuildPhase;
			buildActionMask = 2147483647;
			files = (
			);
			runOnlyForDeploymentPostprocessing = 0;
		};
		AEBEE60928910E480006742C /* Frameworks */ = {
			isa = PBXFrameworksBuildPhase;
			buildActionMask = 2147483647;
			files = (
			);
			runOnlyForDeploymentPostprocessing = 0;
		};
/* End PBXFrameworksBuildPhase section */

/* Begin PBXGroup section */
		AEBEE5E928910E470006742C = {
			isa = PBXGroup;
			children = (
				AEBEE5F428910E470006742C /* SPM build configurations */,
				AEBEE60528910E480006742C /* SPM build configurationsTests */,
				AEBEE60F28910E480006742C /* SPM build configurationsUITests */,
				AEBEE5F328910E470006742C /* Products */,
			);
			sourceTree = "<group>";
		};
		AEBEE5F328910E470006742C /* Products */ = {
			isa = PBXGroup;
			children = (
				AEBEE5F228910E470006742C /* SPM build configurations.app */,
				AEBEE60228910E480006742C /* SPM build configurationsTests.xctest */,
				AEBEE60C28910E480006742C /* SPM build configurationsUITests.xctest */,
			);
			name = Products;
			sourceTree = "<group>";
		};
		AEBEE5F428910E470006742C /* SPM build configurations */ = {
			isa = PBXGroup;
			children = (
				AEBEE5F528910E470006742C /* SPM_build_configurationsApp.swift */,
				AEBEE5F728910E470006742C /* ContentView.swift */,
				AEBEE5F928910E470006742C /* Assets.xcassets */,
				AEBEE5FB28910E470006742C /* Preview Content */,
			);
			path = "SPM build configurations";
			sourceTree = "<group>";
		};
		AEBEE5FB28910E470006742C /* Preview Content */ = {
			isa = PBXGroup;
			children = (
				AEBEE5FC28910E470006742C /* Preview Assets.xcassets */,
			);
			path = "Preview Content";
			sourceTree = "<group>";
		};
		AEBEE60528910E480006742C /* SPM build configurationsTests */ = {
			isa = PBXGroup;
			children = (
				AEBEE60628910E480006742C /* SPM_build_configurationsTests.swift */,
			);
			path = "SPM build configurationsTests";
			sourceTree = "<group>";
		};
		AEBEE60F28910E480006742C /* SPM build configurationsUITests */ = {
			isa = PBXGroup;
			children = (
				AEBEE61028910E480006742C /* SPM_build_configurationsUITests.swift */,
				AEBEE61228910E480006742C /* SPM_build_configurationsUITestsLaunchTests.swift */,
			);
			path = "SPM build configurationsUITests";
			sourceTree = "<group>";
		};
/* End PBXGroup section */

/* Begin PBXNativeTarget section */
		AEBEE5F128910E470006742C /* SPM build configurations */ = {
			isa = PBXNativeTarget;
			buildConfigurationList = AEBEE61628910E480006742C /* Build configuration list for PBXNativeTarget "SPM build configurations" */;
			buildPhases = (
				AEBEE5EE28910E470006742C /* Sources */,
				AEBEE5EF28910E470006742C /* Frameworks */,
				AEBEE5F028910E470006742C /* Resources */,
			);
			buildRules = (
			);
			dependencies = (
			);
			name = "SPM build configurations";
			packageProductDependencies = (
				AEBEE623289112160006742C /* Algorithms */,
			);
			productName = "SPM build configurations";
			productReference = AEBEE5F228910E470006742C /* SPM build configurations.app */;
			productType = "com.apple.product-type.application";
		};
		AEBEE60128910E480006742C /* SPM build configurationsTests */ = {
			isa = PBXNativeTarget;
			buildConfigurationList = AEBEE61928910E480006742C /* Build configuration list for PBXNativeTarget "SPM build configurationsTests" */;
			buildPhases = (
				AEBEE5FE28910E480006742C /* Sources */,
				AEBEE5FF28910E480006742C /* Frameworks */,
				AEBEE60028910E480006742C /* Resources */,
			);
			buildRules = (
			);
			dependencies = (
				AEBEE60428910E480006742C /* PBXTargetDependency */,
			);
			name = "SPM build configurationsTests";
			productName = "SPM build configurationsTests";
			productReference = AEBEE60228910E480006742C /* SPM build configurationsTests.xctest */;
			productType = "com.apple.product-type.bundle.unit-test";
		};
		AEBEE60B28910E480006742C /* SPM build configurationsUITests */ = {
			isa = PBXNativeTarget;
			buildConfigurationList = AEBEE61C28910E480006742C /* Build configuration list for PBXNativeTarget "SPM build configurationsUITests" */;
			buildPhases = (
				AEBEE60828910E480006742C /* Sources */,
				AEBEE60928910E480006742C /* Frameworks */,
				AEBEE60A28910E480006742C /* Resources */,
			);
			buildRules = (
			);
			dependencies = (
				AEBEE60E28910E480006742C /* PBXTargetDependency */,
			);
			name = "SPM build configurationsUITests";
			productName = "SPM build configurationsUITests";
			productReference = AEBEE60C28910E480006742C /* SPM build configurationsUITests.xctest */;
			productType = "com.apple.product-type.bundle.ui-testing";
		};
/* End PBXNativeTarget section */

/* Begin PBXProject section */
		AEBEE5EA28910E470006742C /* Project object */ = {
			isa = PBXProject;
			attributes = {
				BuildIndependentTargetsInParallel = 1;
				LastSwiftUpdateCheck = 1320;
				LastUpgradeCheck = 1320;
				TargetAttributes = {
					AEBEE5F128910E470006742C = {
						CreatedOnToolsVersion = 13.2.1;
					};
					AEBEE60128910E480006742C = {
						CreatedOnToolsVersion = 13.2.1;
						TestTargetID = AEBEE5F128910E470006742C;
					};
					AEBEE60B28910E480006742C = {
						CreatedOnToolsVersion = 13.2.1;
						TestTargetID = AEBEE5F128910E470006742C;
					};
				};
			};
			buildConfigurationList = AEBEE5ED28910E470006742C /* Build configuration list for PBXProject "SPM build configurations" */;
			compatibilityVersion = "Xcode 13.0";
			developmentRegion = en;
			hasScannedForEncodings = 0;
			knownRegions = (
				en,
				Base,
			);
			mainGroup = AEBEE5E928910E470006742C;
			packageReferences = (
				AEBEE622289112160006742C /* XCRemoteSwiftPackageReference "swift-algorithms" */,
			);
			productRefGroup = AEBEE5F328910E470006742C /* Products */;
			projectDirPath = "";
			projectRoot = "";
			targets = (
				AEBEE5F128910E470006742C /* SPM build configurations */,
				AEBEE60128910E480006742C /* SPM build configurationsTests */,
				AEBEE60B28910E480006742C /* SPM build configurationsUITests */,
			);
		};
/* End PBXProject section */

/* Begin PBXResourcesBuildPhase section */
		AEBEE5F028910E470006742C /* Resources */ = {
			isa = PBXResourcesBuildPhase;
			buildActionMask = 2147483647;
			files = (
				AEBEE5FD28910E470006742C /* Preview Assets.xcassets in Resources */,
				AEBEE5FA28910E470006742C /* Assets.xcassets in Resources */,
			);
			runOnlyForDeploymentPostprocessing = 0;
		};
		AEBEE60028910E480006742C /* Resources */ = {
			isa = PBXResourcesBuildPhase;
			buildActionMask = 2147483647;
			files = (
			);
			runOnlyForDeploymentPostprocessing = 0;
		};
		AEBEE60A28910E480006742C /* Resources */ = {
			isa = PBXResourcesBuildPhase;
			buildActionMask = 2147483647;
			files = (
			);
			runOnlyForDeploymentPostprocessing = 0;
		};
/* End PBXResourcesBuildPhase section */

/* Begin PBXSourcesBuildPhase section */
		AEBEE5EE28910E470006742C /* Sources */ = {
			isa = PBXSourcesBuildPhase;
			buildActionMask = 2147483647;
			files = (
				AEBEE5F828910E470006742C /* ContentView.swift in Sources */,
				AEBEE5F628910E470006742C /* SPM_build_configurationsApp.swift in Sources */,
			);
			runOnlyForDeploymentPostprocessing = 0;
		};
		AEBEE5FE28910E480006742C /* Sources */ = {
			isa = PBXSourcesBuildPhase;
			buildActionMask = 2147483647;
			files = (
				AEBEE60728910E480006742C /* SPM_build_configurationsTests.swift in Sources */,
			);
			runOnlyForDeploymentPostprocessing = 0;
		};
		AEBEE60828910E480006742C /* Sources */ = {
			isa = PBXSourcesBuildPhase;
			buildActionMask = 2147483647;
			files = (
				AEBEE61128910E480006742C /* SPM_build_configurationsUITests.swift in Sources */,
				AEBEE61328910E480006742C /* SPM_build_configurationsUITestsLaunchTests.swift in Sources */,
			);
			runOnlyForDeploymentPostprocessing = 0;
		};
/* End PBXSourcesBuildPhase section */

/* Begin PBXTargetDependency section */
		AEBEE60428910E480006742C /* PBXTargetDependency */ = {
			isa = PBXTargetDependency;
			target = AEBEE5F128910E470006742C /* SPM build configurations */;
			targetProxy = AEBEE60328910E480006742C /* PBXContainerItemProxy */;
		};
		AEBEE60E28910E480006742C /* PBXTargetDependency */ = {
			isa = PBXTargetDependency;
			target = AEBEE5F128910E470006742C /* SPM build configurations */;
			targetProxy = AEBEE60D28910E480006742C /* PBXContainerItemProxy */;
		};
/* End PBXTargetDependency section */

/* Begin XCBuildConfiguration section */
		AEBEE61428910E480006742C /* Staging */ = {
			isa = XCBuildConfiguration;
			buildSettings = {
				ALWAYS_SEARCH_USER_PATHS = NO;
				CLANG_ANALYZER_NONNULL = YES;
				CLANG_ANALYZER_NUMBER_OBJECT_CONVERSION = YES_AGGRESSIVE;
				CLANG_CXX_LANGUAGE_STANDARD = "gnu++17";
				CLANG_CXX_LIBRARY = "libc++";
				CLANG_ENABLE_MODULES = YES;
				CLANG_ENABLE_OBJC_ARC = YES;
				CLANG_ENABLE_OBJC_WEAK = YES;
				CLANG_WARN_BLOCK_CAPTURE_AUTORELEASING = YES;
				CLANG_WARN_BOOL_CONVERSION = YES;
				CLANG_WARN_COMMA = YES;
				CLANG_WARN_CONSTANT_CONVERSION = YES;
				CLANG_WARN_DEPRECATED_OBJC_IMPLEMENTATIONS = YES;
				CLANG_WARN_DIRECT_OBJC_ISA_USAGE = YES_ERROR;
				CLANG_WARN_DOCUMENTATION_COMMENTS = YES;
				CLANG_WARN_EMPTY_BODY = YES;
				CLANG_WARN_ENUM_CONVERSION = YES;
				CLANG_WARN_INFINITE_RECURSION = YES;
				CLANG_WARN_INT_CONVERSION = YES;
				CLANG_WARN_NON_LITERAL_NULL_CONVERSION = YES;
				CLANG_WARN_OBJC_IMPLICIT_RETAIN_SELF = YES;
				CLANG_WARN_OBJC_LITERAL_CONVERSION = YES;
				CLANG_WARN_OBJC_ROOT_CLASS = YES_ERROR;
				CLANG_WARN_QUOTED_INCLUDE_IN_FRAMEWORK_HEADER = YES;
				CLANG_WARN_RANGE_LOOP_ANALYSIS = YES;
				CLANG_WARN_STRICT_PROTOTYPES = YES;
				CLANG_WARN_SUSPICIOUS_MOVE = YES;
				CLANG_WARN_UNGUARDED_AVAILABILITY = YES_AGGRESSIVE;
				CLANG_WARN_UNREACHABLE_CODE = YES;
				CLANG_WARN__DUPLICATE_METHOD_MATCH = YES;
				COPY_PHASE_STRIP = NO;
				DEBUG_INFORMATION_FORMAT = dwarf;
				ENABLE_STRICT_OBJC_MSGSEND = YES;
				ENABLE_TESTABILITY = YES;
				"EXCLUDED_ARCHS[sdk=iphonesimulator*]" = arm64;
				GCC_C_LANGUAGE_STANDARD = gnu11;
				GCC_DYNAMIC_NO_PIC = NO;
				GCC_NO_COMMON_BLOCKS = YES;
				GCC_OPTIMIZATION_LEVEL = 0;
				GCC_PREPROCESSOR_DEFINITIONS = (
					"DEBUG=1",
					"$(inherited)",
				);
				GCC_WARN_64_TO_32_BIT_CONVERSION = YES;
				GCC_WARN_ABOUT_RETURN_TYPE = YES_ERROR;
				GCC_WARN_UNDECLARED_SELECTOR = YES;
				GCC_WARN_UNINITIALIZED_AUTOS = YES_AGGRESSIVE;
				GCC_WARN_UNUSED_FUNCTION = YES;
				GCC_WARN_UNUSED_VARIABLE = YES;
				IPHONEOS_DEPLOYMENT_TARGET = 15.2;
				MTL_ENABLE_DEBUG_INFO = INCLUDE_SOURCE;
				MTL_FAST_MATH = YES;
				ONLY_ACTIVE_ARCH = YES;
				SDKROOT = iphoneos;
				SWIFT_ACTIVE_COMPILATION_CONDITIONS = DEBUG;
				SWIFT_OPTIMIZATION_LEVEL = "-Onone";
			};
			name = Staging;
		};
		AEBEE61528910E480006742C /* Release */ = {
			isa = XCBuildConfiguration;
			buildSettings = {
				ALWAYS_SEARCH_USER_PATHS = NO;
				CLANG_ANALYZER_NONNULL = YES;
				CLANG_ANALYZER_NUMBER_OBJECT_CONVERSION = YES_AGGRESSIVE;
				CLANG_CXX_LANGUAGE_STANDARD = "gnu++17";
				CLANG_CXX_LIBRARY = "libc++";
				CLANG_ENABLE_MODULES = YES;
				CLANG_ENABLE_OBJC_ARC = YES;
				CLANG_ENABLE_OBJC_WEAK = YES;
				CLANG_WARN_BLOCK_CAPTURE_AUTORELEASING = YES;
				CLANG_WARN_BOOL_CONVERSION = YES;
				CLANG_WARN_COMMA = YES;
				CLANG_WARN_CONSTANT_CONVERSION = YES;
				CLANG_WARN_DEPRECATED_OBJC_IMPLEMENTATIONS = YES;
				CLANG_WARN_DIRECT_OBJC_ISA_USAGE = YES_ERROR;
				CLANG_WARN_DOCUMENTATION_COMMENTS = YES;
				CLANG_WARN_EMPTY_BODY = YES;
				CLANG_WARN_ENUM_CONVERSION = YES;
				CLANG_WARN_INFINITE_RECURSION = YES;
				CLANG_WARN_INT_CONVERSION = YES;
				CLANG_WARN_NON_LITERAL_NULL_CONVERSION = YES;
				CLANG_WARN_OBJC_IMPLICIT_RETAIN_SELF = YES;
				CLANG_WARN_OBJC_LITERAL_CONVERSION = YES;
				CLANG_WARN_OBJC_ROOT_CLASS = YES_ERROR;
				CLANG_WARN_QUOTED_INCLUDE_IN_FRAMEWORK_HEADER = YES;
				CLANG_WARN_RANGE_LOOP_ANALYSIS = YES;
				CLANG_WARN_STRICT_PROTOTYPES = YES;
				CLANG_WARN_SUSPICIOUS_MOVE = YES;
				CLANG_WARN_UNGUARDED_AVAILABILITY = YES_AGGRESSIVE;
				CLANG_WARN_UNREACHABLE_CODE = YES;
				CLANG_WARN__DUPLICATE_METHOD_MATCH = YES;
				COPY_PHASE_STRIP = NO;
				DEBUG_INFORMATION_FORMAT = "dwarf-with-dsym";
				ENABLE_NS_ASSERTIONS = NO;
				ENABLE_STRICT_OBJC_MSGSEND = YES;
				GCC_C_LANGUAGE_STANDARD = gnu11;
				GCC_NO_COMMON_BLOCKS = YES;
				GCC_WARN_64_TO_32_BIT_CONVERSION = YES;
				GCC_WARN_ABOUT_RETURN_TYPE = YES_ERROR;
				GCC_WARN_UNDECLARED_SELECTOR = YES;
				GCC_WARN_UNINITIALIZED_AUTOS = YES_AGGRESSIVE;
				GCC_WARN_UNUSED_FUNCTION = YES;
				GCC_WARN_UNUSED_VARIABLE = YES;
				IPHONEOS_DEPLOYMENT_TARGET = 15.2;
				MTL_ENABLE_DEBUG_INFO = NO;
				MTL_FAST_MATH = YES;
				SDKROOT = iphoneos;
				SWIFT_COMPILATION_MODE = wholemodule;
				SWIFT_OPTIMIZATION_LEVEL = "-O";
				VALIDATE_PRODUCT = YES;
			};
			name = Release;
		};
		AEBEE61728910E480006742C /* Staging */ = {
			isa = XCBuildConfiguration;
			buildSettings = {
				ASSETCATALOG_COMPILER_APPICON_NAME = AppIcon;
				ASSETCATALOG_COMPILER_GLOBAL_ACCENT_COLOR_NAME = AccentColor;
				CODE_SIGN_STYLE = Automatic;
				CURRENT_PROJECT_VERSION = 1;
				DEVELOPMENT_ASSET_PATHS = "\"SPM build configurations/Preview Content\"";
				DEVELOPMENT_TEAM = 887675G3DX;
				ENABLE_PREVIEWS = YES;
				GENERATE_INFOPLIST_FILE = YES;
				INFOPLIST_KEY_UIApplicationSceneManifest_Generation = YES;
				INFOPLIST_KEY_UIApplicationSupportsIndirectInputEvents = YES;
				INFOPLIST_KEY_UILaunchScreen_Generation = YES;
				INFOPLIST_KEY_UISupportedInterfaceOrientations_iPad = "UIInterfaceOrientationPortrait UIInterfaceOrientationPortraitUpsideDown UIInterfaceOrientationLandscapeLeft UIInterfaceOrientationLandscapeRight";
				INFOPLIST_KEY_UISupportedInterfaceOrientations_iPhone = "UIInterfaceOrientationPortrait UIInterfaceOrientationLandscapeLeft UIInterfaceOrientationLandscapeRight";
				LD_RUNPATH_SEARCH_PATHS = (
					"$(inherited)",
					"@executable_path/Frameworks",
				);
				MARKETING_VERSION = 1.0;
				PRODUCT_BUNDLE_IDENTIFIER = "com.kek.SPM-build-configurations";
				PRODUCT_NAME = "$(TARGET_NAME)";
				SWIFT_EMIT_LOC_STRINGS = YES;
				SWIFT_VERSION = 5.0;
				TARGETED_DEVICE_FAMILY = "1,2";
			};
			name = Staging;
		};
		AEBEE61828910E480006742C /* Release */ = {
			isa = XCBuildConfiguration;
			buildSettings = {
				ASSETCATALOG_COMPILER_APPICON_NAME = AppIcon;
				ASSETCATALOG_COMPILER_GLOBAL_ACCENT_COLOR_NAME = AccentColor;
				CODE_SIGN_STYLE = Automatic;
				CURRENT_PROJECT_VERSION = 1;
				DEVELOPMENT_ASSET_PATHS = "\"SPM build configurations/Preview Content\"";
				DEVELOPMENT_TEAM = 887675G3DX;
				ENABLE_PREVIEWS = YES;
				GENERATE_INFOPLIST_FILE = YES;
				INFOPLIST_KEY_UIApplicationSceneManifest_Generation = YES;
				INFOPLIST_KEY_UIApplicationSupportsIndirectInputEvents = YES;
				INFOPLIST_KEY_UILaunchScreen_Generation = YES;
				INFOPLIST_KEY_UISupportedInterfaceOrientations_iPad = "UIInterfaceOrientationPortrait UIInterfaceOrientationPortraitUpsideDown UIInterfaceOrientationLandscapeLeft UIInterfaceOrientationLandscapeRight";
				INFOPLIST_KEY_UISupportedInterfaceOrientations_iPhone = "UIInterfaceOrientationPortrait UIInterfaceOrientationLandscapeLeft UIInterfaceOrientationLandscapeRight";
				LD_RUNPATH_SEARCH_PATHS = (
					"$(inherited)",
					"@executable_path/Frameworks",
				);
				MARKETING_VERSION = 1.0;
				PRODUCT_BUNDLE_IDENTIFIER = "com.kek.SPM-build-configurations";
				PRODUCT_NAME = "$(TARGET_NAME)";
				SWIFT_EMIT_LOC_STRINGS = YES;
				SWIFT_VERSION = 5.0;
				TARGETED_DEVICE_FAMILY = "1,2";
			};
			name = Release;
		};
		AEBEE61A28910E480006742C /* Staging */ = {
			isa = XCBuildConfiguration;
			buildSettings = {
				ALWAYS_EMBED_SWIFT_STANDARD_LIBRARIES = YES;
				BUNDLE_LOADER = "$(TEST_HOST)";
				CODE_SIGN_STYLE = Automatic;
				CURRENT_PROJECT_VERSION = 1;
				DEVELOPMENT_TEAM = 887675G3DX;
				GENERATE_INFOPLIST_FILE = YES;
				IPHONEOS_DEPLOYMENT_TARGET = 15.2;
				MARKETING_VERSION = 1.0;
				PRODUCT_BUNDLE_IDENTIFIER = "com.kek.SPM-build-configurationsTests";
				PRODUCT_NAME = "$(TARGET_NAME)";
				SWIFT_EMIT_LOC_STRINGS = NO;
				SWIFT_VERSION = 5.0;
				TARGETED_DEVICE_FAMILY = "1,2";
				TEST_HOST = "$(BUILT_PRODUCTS_DIR)/SPM build configurations.app/SPM build configurations";
			};
			name = Staging;
		};
		AEBEE61B28910E480006742C /* Release */ = {
			isa = XCBuildConfiguration;
			buildSettings = {
				ALWAYS_EMBED_SWIFT_STANDARD_LIBRARIES = YES;
				BUNDLE_LOADER = "$(TEST_HOST)";
				CODE_SIGN_STYLE = Automatic;
				CURRENT_PROJECT_VERSION = 1;
				DEVELOPMENT_TEAM = 887675G3DX;
				GENERATE_INFOPLIST_FILE = YES;
				IPHONEOS_DEPLOYMENT_TARGET = 15.2;
				MARKETING_VERSION = 1.0;
				PRODUCT_BUNDLE_IDENTIFIER = "com.kek.SPM-build-configurationsTests";
				PRODUCT_NAME = "$(TARGET_NAME)";
				SWIFT_EMIT_LOC_STRINGS = NO;
				SWIFT_VERSION = 5.0;
				TARGETED_DEVICE_FAMILY = "1,2";
				TEST_HOST = "$(BUILT_PRODUCTS_DIR)/SPM build configurations.app/SPM build configurations";
			};
			name = Release;
		};
		AEBEE61D28910E480006742C /* Staging */ = {
			isa = XCBuildConfiguration;
			buildSettings = {
				ALWAYS_EMBED_SWIFT_STANDARD_LIBRARIES = YES;
				CODE_SIGN_STYLE = Automatic;
				CURRENT_PROJECT_VERSION = 1;
				DEVELOPMENT_TEAM = 887675G3DX;
				GENERATE_INFOPLIST_FILE = YES;
				MARKETING_VERSION = 1.0;
				PRODUCT_BUNDLE_IDENTIFIER = "com.kek.SPM-build-configurationsUITests";
				PRODUCT_NAME = "$(TARGET_NAME)";
				SWIFT_EMIT_LOC_STRINGS = NO;
				SWIFT_VERSION = 5.0;
				TARGETED_DEVICE_FAMILY = "1,2";
				TEST_TARGET_NAME = "SPM build configurations";
			};
			name = Staging;
		};
		AEBEE61E28910E480006742C /* Release */ = {
			isa = XCBuildConfiguration;
			buildSettings = {
				ALWAYS_EMBED_SWIFT_STANDARD_LIBRARIES = YES;
				CODE_SIGN_STYLE = Automatic;
				CURRENT_PROJECT_VERSION = 1;
				DEVELOPMENT_TEAM = 887675G3DX;
				GENERATE_INFOPLIST_FILE = YES;
				MARKETING_VERSION = 1.0;
				PRODUCT_BUNDLE_IDENTIFIER = "com.kek.SPM-build-configurationsUITests";
				PRODUCT_NAME = "$(TARGET_NAME)";
				SWIFT_EMIT_LOC_STRINGS = NO;
				SWIFT_VERSION = 5.0;
				TARGETED_DEVICE_FAMILY = "1,2";
				TEST_TARGET_NAME = "SPM build configurations";
			};
			name = Release;
		};
/* End XCBuildConfiguration section */

/* Begin XCConfigurationList section */
		AEBEE5ED28910E470006742C /* Build configuration list for PBXProject "SPM build configurations" */ = {
			isa = XCConfigurationList;
			buildConfigurations = (
				AEBEE61428910E480006742C /* Staging */,
				AEBEE61528910E480006742C /* Release */,
			);
			defaultConfigurationIsVisible = 0;
			defaultConfigurationName = Release;
		};
		AEBEE61628910E480006742C /* Build configuration list for PBXNativeTarget "SPM build configurations" */ = {
			isa = XCConfigurationList;
			buildConfigurations = (
				AEBEE61728910E480006742C /* Staging */,
				AEBEE61828910E480006742C /* Release */,
			);
			defaultConfigurationIsVisible = 0;
			defaultConfigurationName = Release;
		};
		AEBEE61928910E480006742C /* Build configuration list for PBXNativeTarget "SPM build configurationsTests" */ = {
			isa = XCConfigurationList;
			buildConfigurations = (
				AEBEE61A28910E480006742C /* Staging */,
				AEBEE61B28910E480006742C /* Release */,
			);
			defaultConfigurationIsVisible = 0;
			defaultConfigurationName = Release;
		};
		AEBEE61C28910E480006742C /* Build configuration list for PBXNativeTarget "SPM build configurationsUITests" */ = {
			isa = XCConfigurationList;
			buildConfigurations = (
				AEBEE61D28910E480006742C /* Staging */,
				AEBEE61E28910E480006742C /* Release */,
			);
			defaultConfigurationIsVisible = 0;
			defaultConfigurationName = Release;
		};
/* End XCConfigurationList section */

/* Begin XCRemoteSwiftPackageReference section */
		AEBEE622289112160006742C /* XCRemoteSwiftPackageReference "swift-algorithms" */ = {
			isa = XCRemoteSwiftPackageReference;
			repositoryURL = "https://github.com/apple/swift-algorithms.git";
			requirement = {
				kind = upToNextMajorVersion;
				minimumVersion = 1.0.0;
			};
		};
/* End XCRemoteSwiftPackageReference section */

/* Begin XCSwiftPackageProductDependency section */
		AEBEE623289112160006742C /* Algorithms */ = {
			isa = XCSwiftPackageProductDependency;
			package = AEBEE622289112160006742C /* XCRemoteSwiftPackageReference "swift-algorithms" */;
			productName = Algorithms;
		};
/* End XCSwiftPackageProductDependency section */
	};
	rootObject = AEBEE5EA28910E470006742C /* Project object */;
}
